
Microsoft Visual Studio Solution File, Format Version 12.00
# Visual Studio Version 17
VisualStudioVersion = 17.0.31903.59
MinimumVisualStudioVersion = 10.0.40219.1
Project("{FAE04EC0-301F-11D3-BF4B-00C04F79EFBC}") = "WebApi", "WebApi\WebApi.csproj", "{C3946D0D-771C-4A56-9B10-E969890CCA79}"
EndProject
Project("{FAE04EC0-301F-11D3-BF4B-00C04F79EFBC}") = "Contracts", "Contracts\Contracts.csproj", "{6046A0C1-4B0E-4710-B1B8-F584279D7845}"
EndProject
Project("{FAE04EC0-301F-11D3-BF4B-00C04F79EFBC}") = "LoggerService", "LoggerService\LoggerService.csproj", "{F43B3413-25BC-4DFC-B993-A7EAB71CE4EA}"
EndProject
Project("{FAE04EC0-301F-11D3-BF4B-00C04F79EFBC}") = "Entities", "Entities\Entities.csproj", "{EEF13A16-A8BF-4DC5-8430-DFA6BDF4E698}"
EndProject
Project("{FAE04EC0-301F-11D3-BF4B-00C04F79EFBC}") = "Repository", "Repository\Repository.csproj", "{0E59221D-8020-441B-9012-7CC39351FEC0}"
EndProject
Project("{FAE04EC0-301F-11D3-BF4B-00C04F79EFBC}") = "Repository.Tests", "Repository.Tests\Repository.Tests.csproj", "{08AD9889-691F-4CE7-B456-047DCB0D546E}"
EndProject
Project("{FAE04EC0-301F-11D3-BF4B-00C04F79EFBC}") = "Service.Contracts", "Service.Contracts\Service.Contracts.csproj", "{F09EE33B-7748-4892-831C-3B94843C798B}"
EndProject
Project("{FAE04EC0-301F-11D3-BF4B-00C04F79EFBC}") = "Service", "Service\Service.csproj", "{EA92AA8F-DD9D-4F35-8496-68CC5A29682C}"
EndProject
Project("{FAE04EC0-301F-11D3-BF4B-00C04F79EFBC}") = "WebApi.Presentation", "WebApi.Presentation\WebApi.Presentation.csproj", "{30DBB93F-24E2-48AA-A388-11C8DEE2F924}"
EndProject
Project("{FAE04EC0-301F-11D3-BF4B-00C04F79EFBC}") = "Shared", "Shared\Shared.csproj", "{70D7AEE5-790D-4BB1-A060-957036E952ED}"
EndProject
Global
	GlobalSection(SolutionConfigurationPlatforms) = preSolution
		Debug|Any CPU = Debug|Any CPU
		Release|Any CPU = Release|Any CPU
	EndGlobalSection
	GlobalSection(SolutionProperties) = preSolution
		HideSolutionNode = FALSE
	EndGlobalSection
	GlobalSection(ProjectConfigurationPlatforms) = postSolution
		{C3946D0D-771C-4A56-9B10-E969890CCA79}.Debug|Any CPU.ActiveCfg = Debug|Any CPU
		{C3946D0D-771C-4A56-9B10-E969890CCA79}.Debug|Any CPU.Build.0 = Debug|Any CPU
		{C3946D0D-771C-4A56-9B10-E969890CCA79}.Release|Any CPU.ActiveCfg = Release|Any CPU
		{C3946D0D-771C-4A56-9B10-E969890CCA79}.Release|Any CPU.Build.0 = Release|Any CPU
		{6046A0C1-4B0E-4710-B1B8-F584279D7845}.Debug|Any CPU.ActiveCfg = Debug|Any CPU
		{6046A0C1-4B0E-4710-B1B8-F584279D7845}.Debug|Any CPU.Build.0 = Debug|Any CPU
		{6046A0C1-4B0E-4710-B1B8-F584279D7845}.Release|Any CPU.ActiveCfg = Release|Any CPU
		{6046A0C1-4B0E-4710-B1B8-F584279D7845}.Release|Any CPU.Build.0 = Release|Any CPU
		{F43B3413-25BC-4DFC-B993-A7EAB71CE4EA}.Debug|Any CPU.ActiveCfg = Debug|Any CPU
		{F43B3413-25BC-4DFC-B993-A7EAB71CE4EA}.Debug|Any CPU.Build.0 = Debug|Any CPU
		{F43B3413-25BC-4DFC-B993-A7EAB71CE4EA}.Release|Any CPU.ActiveCfg = Release|Any CPU
		{F43B3413-25BC-4DFC-B993-A7EAB71CE4EA}.Release|Any CPU.Build.0 = Release|Any CPU
		{EEF13A16-A8BF-4DC5-8430-DFA6BDF4E698}.Debug|Any CPU.ActiveCfg = Debug|Any CPU
		{EEF13A16-A8BF-4DC5-8430-DFA6BDF4E698}.Debug|Any CPU.Build.0 = Debug|Any CPU
		{EEF13A16-A8BF-4DC5-8430-DFA6BDF4E698}.Release|Any CPU.ActiveCfg = Release|Any CPU
		{EEF13A16-A8BF-4DC5-8430-DFA6BDF4E698}.Release|Any CPU.Build.0 = Release|Any CPU
		{0E59221D-8020-441B-9012-7CC39351FEC0}.Debug|Any CPU.ActiveCfg = Debug|Any CPU
		{0E59221D-8020-441B-9012-7CC39351FEC0}.Debug|Any CPU.Build.0 = Debug|Any CPU
		{0E59221D-8020-441B-9012-7CC39351FEC0}.Release|Any CPU.ActiveCfg = Release|Any CPU
		{0E59221D-8020-441B-9012-7CC39351FEC0}.Release|Any CPU.Build.0 = Release|Any CPU
		{08AD9889-691F-4CE7-B456-047DCB0D546E}.Debug|Any CPU.ActiveCfg = Debug|Any CPU
		{08AD9889-691F-4CE7-B456-047DCB0D546E}.Debug|Any CPU.Build.0 = Debug|Any CPU
		{08AD9889-691F-4CE7-B456-047DCB0D546E}.Release|Any CPU.ActiveCfg = Release|Any CPU
		{08AD9889-691F-4CE7-B456-047DCB0D546E}.Release|Any CPU.Build.0 = Release|Any CPU
		{F09EE33B-7748-4892-831C-3B94843C798B}.Debug|Any CPU.ActiveCfg = Debug|Any CPU
		{F09EE33B-7748-4892-831C-3B94843C798B}.Debug|Any CPU.Build.0 = Debug|Any CPU
		{F09EE33B-7748-4892-831C-3B94843C798B}.Release|Any CPU.ActiveCfg = Release|Any CPU
		{F09EE33B-7748-4892-831C-3B94843C798B}.Release|Any CPU.Build.0 = Release|Any CPU
		{EA92AA8F-DD9D-4F35-8496-68CC5A29682C}.Debug|Any CPU.ActiveCfg = Debug|Any CPU
		{EA92AA8F-DD9D-4F35-8496-68CC5A29682C}.Debug|Any CPU.Build.0 = Debug|Any CPU
		{EA92AA8F-DD9D-4F35-8496-68CC5A29682C}.Release|Any CPU.ActiveCfg = Release|Any CPU
		{EA92AA8F-DD9D-4F35-8496-68CC5A29682C}.Release|Any CPU.Build.0 = Release|Any CPU
		{30DBB93F-24E2-48AA-A388-11C8DEE2F924}.Debug|Any CPU.ActiveCfg = Debug|Any CPU
		{30DBB93F-24E2-48AA-A388-11C8DEE2F924}.Debug|Any CPU.Build.0 = Debug|Any CPU
		{30DBB93F-24E2-48AA-A388-11C8DEE2F924}.Release|Any CPU.ActiveCfg = Release|Any CPU
		{30DBB93F-24E2-48AA-A388-11C8DEE2F924}.Release|Any CPU.Build.0 = Release|Any CPU
		{70D7AEE5-790D-4BB1-A060-957036E952ED}.Debug|Any CPU.ActiveCfg = Debug|Any CPU
		{70D7AEE5-790D-4BB1-A060-957036E952ED}.Debug|Any CPU.Build.0 = Debug|Any CPU
		{70D7AEE5-790D-4BB1-A060-957036E952ED}.Release|Any CPU.ActiveCfg = Release|Any CPU
		{70D7AEE5-790D-4BB1-A060-957036E952ED}.Release|Any CPU.Build.0 = Release|Any CPU
	EndGlobalSection
EndGlobal
